{
  "name": "dummy_inverter",
  "version": "1.0.0",
  "lockfileVersion": 1,
  "requires": true,
  "dependencies": {
    "base-util-jh": {
      "version": "1.0.1",
      "resolved": "https://registry.npmjs.org/base-util-jh/-/base-util-jh-1.0.1.tgz",
      "integrity": "sha512-S7xdphrFittcq88IXVCgrBXzHl3IK+WYLkff+xj/f4v+uzXNi29b9e/rKnCyDV9d0M4ame5dM+V65+q+fsiZOA=="
    },
    "underscore": {
      "version": "1.8.3",
      "resolved": "https://registry.npmjs.org/underscore/-/underscore-1.8.3.tgz",
      "integrity": "sha1-Tz+1OxBuYJf8+ctBCfKl6b36UCI="
    }
  }
}
